<?xml version="1.0" encoding="utf-8"?>
<Project ToolsVersion="4.0" xmlns="http://schemas.microsoft.com/developer/msbuild/2003">
  <ItemGroup>
    <Filter Include="Source Files">
      <UniqueIdentifier>{4FC737F1-C7A5-4376-A066-2A32D752A2FF}</UniqueIdentifier>
      <Extensions>cpp;c;cc;cxx;def;odl;idl;hpj;bat;asm;asmx</Extensions>
    </Filter>
    <Filter Include="Header Files">
      <UniqueIdentifier>{93995380-89BD-4b04-88EB-625FBE52EBFB}</UniqueIdentifier>
      <Extensions>h;hh;hpp;hxx;hm;inl;inc;ipp;xsd</Extensions>
    </Filter>
    <Filter Include="Resource Files">
      <UniqueIdentifier>{67DA6AB6-F800-4c08-8B7A-83BB121AAD01}</UniqueIdentifier>
      <Extensions>rc;ico;cur;bmp;dlg;rc2;rct;bin;rgs;gif;jpg;jpeg;jpe;resx;tiff;tif;png;wav;mfcribbon-ms</Extensions>
    </Filter>
    <Filter Include="MinHook">
      <UniqueIdentifier>{03dcc4aa-26fb-498b-886f-c5eb8ba6d671}</UniqueIdentifier>
    </Filter>
    <Filter Include="Header Files\Engine">
      <UniqueIdentifier>{108476b7-9bd3-4694-94a9-a461101f1fce}</UniqueIdentifier>
    </Filter>
    <Filter Include="Header Files\Anti-Cheat">
      <UniqueIdentifier>{e41ea474-1b7f-4c75-a2b7-54061e1567a9}</UniqueIdentifier>
    </Filter>
    <Filter Include="ImGui">
      <UniqueIdentifier>{5377b2f1-da4c-452e-99c9-3e809f049395}</UniqueIdentifier>
    </Filter>
    <Filter Include="Header Files\Cheat">
      <UniqueIdentifier>{693e5917-5acc-43d2-8859-6a1ad2e9f621}</UniqueIdentifier>
    </Filter>
    <Filter Include="Header Files\Helper">
      <UniqueIdentifier>{de2968d1-d655-4c3c-ab1f-75581cf41c5d}</UniqueIdentifier>
    </Filter>
    <Filter Include="Source Files\Cheat">
      <UniqueIdentifier>{66d1277a-f080-42b3-8330-900088b6178e}</UniqueIdentifier>
    </Filter>
    <Filter Include="Source Files\Helper">
      <UniqueIdentifier>{84c74ea1-c095-4bd8-bf69-2af6b9e0b63e}</UniqueIdentifier>
    </Filter>
    <Filter Include="Source Files\Engine">
      <UniqueIdentifier>{0532f094-60b2-4ece-9baf-c91ec363fde3}</UniqueIdentifier>
    </Filter>
  </ItemGroup>
  <ItemGroup>
    <ClCompile Include="dllmain.cpp">
      <Filter>Source Files</Filter>
    </ClCompile>
    <ClCompile Include="Minhook\src\buffer.c">
      <Filter>MinHook</Filter>
    </ClCompile>
    <ClCompile Include="Minhook\src\hook.c">
      <Filter>MinHook</Filter>
    </ClCompile>
    <ClCompile Include="Minhook\src\trampoline.c">
      <Filter>MinHook</Filter>
    </ClCompile>
    <ClCompile Include="Minhook\src\HDE\hde32.c">
      <Filter>MinHook</Filter>
    </ClCompile>
    <ClCompile Include="Minhook\src\HDE\hde64.c">
      <Filter>MinHook</Filter>
    </ClCompile>
    <ClCompile Include="ImGui\imgui.cpp">
      <Filter>ImGui</Filter>
    </ClCompile>
    <ClCompile Include="ImGui\imgui_draw.cpp">
      <Filter>ImGui</Filter>
    </ClCompile>
    <ClCompile Include="ImGui\imgui_impl_dx11.cpp">
      <Filter>ImGui</Filter>
    </ClCompile>
    <ClCompile Include="command_helper.cpp">
      <Filter>Source Files\Engine</Filter>
    </ClCompile>
    <ClCompile Include="global.cpp">
      <Filter>Source Files\Cheat</Filter>
    </ClCompile>
    <ClCompile Include="logger.cpp">
      <Filter>Source Files\Helper</Filter>
    </ClCompile>
    <ClCompile Include="steam_overlay.cpp">
      <Filter>Source Files\Helper</Filter>
    </ClCompile>
    <ClCompile Include="vtable.cpp">
      <Filter>Source Files\Helper</Filter>
    </ClCompile>
    <ClCompile Include="vtable_hook.cpp">
      <Filter>Source Files\Helper</Filter>
    </ClCompile>
    <ClCompile Include="captain.cpp">
      <Filter>Source Files\Cheat</Filter>
    </ClCompile>
    <ClCompile Include="renderer.cpp">
      <Filter>Source Files\Helper</Filter>
    </ClCompile>
  </ItemGroup>
  <ItemGroup>
    <ClInclude Include="Minhook\include\MinHook.h">
      <Filter>MinHook</Filter>
    </ClInclude>
    <ClInclude Include="Minhook\src\buffer.h">
      <Filter>MinHook</Filter>
    </ClInclude>
    <ClInclude Include="Minhook\src\trampoline.h">
      <Filter>MinHook</Filter>
    </ClInclude>
    <ClInclude Include="Minhook\src\HDE\hde32.h">
      <Filter>MinHook</Filter>
    </ClInclude>
    <ClInclude Include="Minhook\src\HDE\hde64.h">
      <Filter>MinHook</Filter>
    </ClInclude>
    <ClInclude Include="Minhook\src\HDE\pstdint.h">
      <Filter>MinHook</Filter>
    </ClInclude>
    <ClInclude Include="Minhook\src\HDE\table32.h">
      <Filter>MinHook</Filter>
    </ClInclude>
    <ClInclude Include="Minhook\src\HDE\table64.h">
      <Filter>MinHook</Filter>
    </ClInclude>
    <ClInclude Include="system_variable.hpp">
      <Filter>Header Files\Engine</Filter>
    </ClInclude>
    <ClInclude Include="variable_container.hpp">
      <Filter>Header Files\Engine</Filter>
    </ClInclude>
    <ClInclude Include="actor.hpp">
      <Filter>Header Files\Engine</Filter>
    </ClInclude>
    <ClInclude Include="misc.hpp">
      <Filter>Header Files\Engine</Filter>
    </ClInclude>
    <ClInclude Include="anticheat.hpp">
      <Filter>Header Files\Anti-Cheat</Filter>
    </ClInclude>
    <ClInclude Include="command_helper.hpp">
      <Filter>Header Files\Engine</Filter>
    </ClInclude>
    <ClInclude Include="ImGui\imconfig.h">
      <Filter>ImGui</Filter>
    </ClInclude>
    <ClInclude Include="ImGui\imgui.h">
      <Filter>ImGui</Filter>
    </ClInclude>
    <ClInclude Include="ImGui\imgui_impl_dx11.h">
      <Filter>ImGui</Filter>
    </ClInclude>
    <ClInclude Include="ImGui\imgui_internal.h">
      <Filter>ImGui</Filter>
    </ClInclude>
    <ClInclude Include="ImGui\stb_rect_pack.h">
      <Filter>ImGui</Filter>
    </ClInclude>
    <ClInclude Include="ImGui\stb_textedit.h">
      <Filter>ImGui</Filter>
    </ClInclude>
    <ClInclude Include="ImGui\stb_truetype.h">
      <Filter>ImGui</Filter>
    </ClInclude>
    <ClInclude Include="global.hpp">
      <Filter>Header Files\Cheat</Filter>
    </ClInclude>
    <ClInclude Include="keyboard_input.hpp">
      <Filter>Header Files\Helper</Filter>
    </ClInclude>
    <ClInclude Include="logger.hpp">
      <Filter>Header Files\Helper</Filter>
    </ClInclude>
    <ClInclude Include="lua.hpp">
      <Filter>Header Files\Engine</Filter>
    </ClInclude>
    <ClInclude Include="native_thread.hpp">
      <Filter>Header Files\Helper</Filter>
    </ClInclude>
    <ClInclude Include="steam_overlay.hpp">
      <Filter>Header Files\Helper</Filter>
    </ClInclude>
    <ClInclude Include="vtable.hpp">
      <Filter>Header Files\Helper</Filter>
    </ClInclude>
    <ClInclude Include="vtable_hook.hpp">
      <Filter>Header Files\Helper</Filter>
    </ClInclude>
    <ClInclude Include="renderer.hpp">
      <Filter>Header Files\Helper</Filter>
    </ClInclude>
    <ClInclude Include="captain.hpp">
      <Filter>Header Files\Cheat</Filter>
    </ClInclude>
    <ClInclude Include="settings.hpp">
      <Filter>Header Files\Cheat</Filter>
    </ClInclude>
    <ClInclude Include="cache.hpp">
      <Filter>Header Files\Cheat</Filter>
    </ClInclude>
  </ItemGroup>
</Project>